
Microsoft Visual Studio Solution File, Format Version 12.00
# Visual Studio Version 17
VisualStudioVersion = 17.0.31903.59
MinimumVisualStudioVersion = 10.0.40219.1
Project("{9A19103F-16F7-4668-BE54-9A1E7A4F7556}") = "Saga.WebApi", "Saga.WebApi\Saga.WebApi.csproj", "{00765B3D-7E59-47F4-9C53-A736CC45E257}"
EndProject
Project("{9A19103F-16F7-4668-BE54-9A1E7A4F7556}") = "Saga.Domain", "Saga_Core\Saga.Domain\Saga.Domain.csproj", "{E7D2975F-0DDD-4F66-B7F0-E714C8F6D623}"
EndProject
Project("{9A19103F-16F7-4668-BE54-9A1E7A4F7556}") = "Saga.DomainShared", "Saga_Core\Saga.DomainShared\Saga.DomainShared.csproj", "{54DC59B2-2B17-48C0-B0B7-D7389C8731C5}"
EndProject
Project("{9A19103F-16F7-4668-BE54-9A1E7A4F7556}") = "Saga.Persistence", "Saga_Core\Saga.Persistence\Saga.Persistence.csproj", "{04F38161-9AF7-4359-BA75-9EB087B40493}"
EndProject
Project("{9A19103F-16F7-4668-BE54-9A1E7A4F7556}") = "Saga.Mediator", "Saga_Core\Saga.Mediator\Saga.Mediator.csproj", "{9E22C84B-3A05-4DF4-A358-76E0E2E0EEA4}"
EndProject
Global
	GlobalSection(SolutionConfigurationPlatforms) = preSolution
		Debug|Any CPU = Debug|Any CPU
		Release|Any CPU = Release|Any CPU
	EndGlobalSection
	GlobalSection(ProjectConfigurationPlatforms) = postSolution
		{00765B3D-7E59-47F4-9C53-A736CC45E257}.Debug|Any CPU.ActiveCfg = Debug|Any CPU
		{00765B3D-7E59-47F4-9C53-A736CC45E257}.Debug|Any CPU.Build.0 = Debug|Any CPU
		{00765B3D-7E59-47F4-9C53-A736CC45E257}.Release|Any CPU.ActiveCfg = Release|Any CPU
		{00765B3D-7E59-47F4-9C53-A736CC45E257}.Release|Any CPU.Build.0 = Release|Any CPU
		{E7D2975F-0DDD-4F66-B7F0-E714C8F6D623}.Debug|Any CPU.ActiveCfg = Debug|Any CPU
		{E7D2975F-0DDD-4F66-B7F0-E714C8F6D623}.Debug|Any CPU.Build.0 = Debug|Any CPU
		{E7D2975F-0DDD-4F66-B7F0-E714C8F6D623}.Release|Any CPU.ActiveCfg = Release|Any CPU
		{E7D2975F-0DDD-4F66-B7F0-E714C8F6D623}.Release|Any CPU.Build.0 = Release|Any CPU
		{54DC59B2-2B17-48C0-B0B7-D7389C8731C5}.Debug|Any CPU.ActiveCfg = Debug|Any CPU
		{54DC59B2-2B17-48C0-B0B7-D7389C8731C5}.Debug|Any CPU.Build.0 = Debug|Any CPU
		{54DC59B2-2B17-48C0-B0B7-D7389C8731C5}.Release|Any CPU.ActiveCfg = Release|Any CPU
		{54DC59B2-2B17-48C0-B0B7-D7389C8731C5}.Release|Any CPU.Build.0 = Release|Any CPU
		{04F38161-9AF7-4359-BA75-9EB087B40493}.Debug|Any CPU.ActiveCfg = Debug|Any CPU
		{04F38161-9AF7-4359-BA75-9EB087B40493}.Debug|Any CPU.Build.0 = Debug|Any CPU
		{04F38161-9AF7-4359-BA75-9EB087B40493}.Release|Any CPU.ActiveCfg = Release|Any CPU
		{04F38161-9AF7-4359-BA75-9EB087B40493}.Release|Any CPU.Build.0 = Release|Any CPU
		{9E22C84B-3A05-4DF4-A358-76E0E2E0EEA4}.Debug|Any CPU.ActiveCfg = Debug|Any CPU
		{9E22C84B-3A05-4DF4-A358-76E0E2E0EEA4}.Debug|Any CPU.Build.0 = Debug|Any CPU
		{9E22C84B-3A05-4DF4-A358-76E0E2E0EEA4}.Release|Any CPU.ActiveCfg = Release|Any CPU
		{9E22C84B-3A05-4DF4-A358-76E0E2E0EEA4}.Release|Any CPU.Build.0 = Release|Any CPU
	EndGlobalSection
	GlobalSection(SolutionProperties) = preSolution
		HideSolutionNode = FALSE
	EndGlobalSection
	GlobalSection(ExtensibilityGlobals) = postSolution
		SolutionGuid = {3F71815D-4513-4B99-84C4-1C933D8C13CD}
	EndGlobalSection
EndGlobal
